
Microsoft Visual Studio Solution File, Format Version 12.00
# Visual Studio Version 17
VisualStudioVersion = 17.4.33213.308
MinimumVisualStudioVersion = 10.0.40219.1
Project("{9A19103F-16F7-4668-BE54-9A1E7A4F7556}") = "RailwayReservationJWT", "RailwayReservationJWT\RailwayReservationJWT.csproj", "{B7260EB3-CB4A-4D1A-91BA-5845B9F7D727}"
EndProject
Project("{FAE04EC0-301F-11D3-BF4B-00C04F79EFBC}") = "User.Management.Service", "User.Management.Service\User.Management.Service.csproj", "{EDD6DC6B-F03B-4457-BB60-0C40ABADA16B}"
EndProject
Global
	GlobalSection(SolutionConfigurationPlatforms) = preSolution
		Debug|Any CPU = Debug|Any CPU
		Release|Any CPU = Release|Any CPU
	EndGlobalSection
	GlobalSection(ProjectConfigurationPlatforms) = postSolution
		{B7260EB3-CB4A-4D1A-91BA-5845B9F7D727}.Debug|Any CPU.ActiveCfg = Debug|Any CPU
		{B7260EB3-CB4A-4D1A-91BA-5845B9F7D727}.Debug|Any CPU.Build.0 = Debug|Any CPU
		{B7260EB3-CB4A-4D1A-91BA-5845B9F7D727}.Release|Any CPU.ActiveCfg = Release|Any CPU
		{B7260EB3-CB4A-4D1A-91BA-5845B9F7D727}.Release|Any CPU.Build.0 = Release|Any CPU
		{EDD6DC6B-F03B-4457-BB60-0C40ABADA16B}.Debug|Any CPU.ActiveCfg = Debug|Any CPU
		{EDD6DC6B-F03B-4457-BB60-0C40ABADA16B}.Debug|Any CPU.Build.0 = Debug|Any CPU
		{EDD6DC6B-F03B-4457-BB60-0C40ABADA16B}.Release|Any CPU.ActiveCfg = Release|Any CPU
		{EDD6DC6B-F03B-4457-BB60-0C40ABADA16B}.Release|Any CPU.Build.0 = Release|Any CPU
	EndGlobalSection
	GlobalSection(SolutionProperties) = preSolution
		HideSolutionNode = FALSE
	EndGlobalSection
	GlobalSection(ExtensibilityGlobals) = postSolution
		SolutionGuid = {3A78CDA8-3F22-4221-8465-D4B8905728DB}
	EndGlobalSection
EndGlobal
